
Microsoft Visual Studio Solution File, Format Version 12.00
# Visual Studio Version 16
VisualStudioVersion = 16.0.30717.126
MinimumVisualStudioVersion = 10.0.40219.1
Project("{9A19103F-16F7-4668-BE54-9A1E7A4F7556}") = "VoiceAssistant.Server", "VoiceAssistant.Server\VoiceAssistant.Server.csproj", "{CA762D7A-352E-4B51-B2D9-CFC2CCA1986A}"
EndProject
Project("{FAE04EC0-301F-11D3-BF4B-00C04F79EFBC}") = "VoiceAssistant.Server.Tests", "VoiceAssistant.Server.Tests\VoiceAssistant.Server.Tests.csproj", "{52797450-A6E0-4B7F-AEE4-7449BBB17A64}"
EndProject
Global
	GlobalSection(SolutionConfigurationPlatforms) = preSolution
		Debug|Any CPU = Debug|Any CPU
		Release|Any CPU = Release|Any CPU
	EndGlobalSection
	GlobalSection(ProjectConfigurationPlatforms) = postSolution
		{CA762D7A-352E-4B51-B2D9-CFC2CCA1986A}.Debug|Any CPU.ActiveCfg = Debug|Any CPU
		{CA762D7A-352E-4B51-B2D9-CFC2CCA1986A}.Debug|Any CPU.Build.0 = Debug|Any CPU
		{CA762D7A-352E-4B51-B2D9-CFC2CCA1986A}.Release|Any CPU.ActiveCfg = Release|Any CPU
		{CA762D7A-352E-4B51-B2D9-CFC2CCA1986A}.Release|Any CPU.Build.0 = Release|Any CPU
		{52797450-A6E0-4B7F-AEE4-7449BBB17A64}.Debug|Any CPU.ActiveCfg = Debug|Any CPU
		{52797450-A6E0-4B7F-AEE4-7449BBB17A64}.Debug|Any CPU.Build.0 = Debug|Any CPU
		{52797450-A6E0-4B7F-AEE4-7449BBB17A64}.Release|Any CPU.ActiveCfg = Release|Any CPU
		{52797450-A6E0-4B7F-AEE4-7449BBB17A64}.Release|Any CPU.Build.0 = Release|Any CPU
	EndGlobalSection
	GlobalSection(SolutionProperties) = preSolution
		HideSolutionNode = FALSE
	EndGlobalSection
	GlobalSection(ExtensibilityGlobals) = postSolution
		SolutionGuid = {33F2532D-AB18-4B4A-A47F-E13B2D889975}
	EndGlobalSection
EndGlobal
